
Microsoft Visual Studio Solution File, Format Version 12.00
# Visual Studio Version 17
VisualStudioVersion = 17.2.32630.192
MinimumVisualStudioVersion = 10.0.40219.1
Project("{9A19103F-16F7-4668-BE54-9A1E7A4F7556}") = "Tasks.web", "Tasks.web\Tasks.web.csproj", "{8EBBB9D7-C79C-412D-A7AF-62F6C926B8FD}"
EndProject
Project("{FAE04EC0-301F-11D3-BF4B-00C04F79EFBC}") = "Products.web", "Products.web\Products.web.csproj", "{223F6BEB-72C9-4A60-98AE-727F7CCD145C}"
EndProject
Global
	GlobalSection(SolutionConfigurationPlatforms) = preSolution
		Debug|Any CPU = Debug|Any CPU
		Release|Any CPU = Release|Any CPU
	EndGlobalSection
	GlobalSection(ProjectConfigurationPlatforms) = postSolution
		{8EBBB9D7-C79C-412D-A7AF-62F6C926B8FD}.Debug|Any CPU.ActiveCfg = Debug|Any CPU
		{8EBBB9D7-C79C-412D-A7AF-62F6C926B8FD}.Debug|Any CPU.Build.0 = Debug|Any CPU
		{8EBBB9D7-C79C-412D-A7AF-62F6C926B8FD}.Release|Any CPU.ActiveCfg = Release|Any CPU
		{8EBBB9D7-C79C-412D-A7AF-62F6C926B8FD}.Release|Any CPU.Build.0 = Release|Any CPU
		{223F6BEB-72C9-4A60-98AE-727F7CCD145C}.Debug|Any CPU.ActiveCfg = Debug|Any CPU
		{223F6BEB-72C9-4A60-98AE-727F7CCD145C}.Debug|Any CPU.Build.0 = Debug|Any CPU
		{223F6BEB-72C9-4A60-98AE-727F7CCD145C}.Release|Any CPU.ActiveCfg = Release|Any CPU
		{223F6BEB-72C9-4A60-98AE-727F7CCD145C}.Release|Any CPU.Build.0 = Release|Any CPU
	EndGlobalSection
	GlobalSection(SolutionProperties) = preSolution
		HideSolutionNode = FALSE
	EndGlobalSection
	GlobalSection(ExtensibilityGlobals) = postSolution
		SolutionGuid = {66BE08DA-C071-4DD4-8B2E-5911FBCA9A4A}
	EndGlobalSection
EndGlobal
